
Microsoft Visual Studio Solution File, Format Version 12.00
# Visual Studio 14
VisualStudioVersion = 14.0.25420.1
MinimumVisualStudioVersion = 10.0.40219.1
Project("{FAE04EC0-301F-11D3-BF4B-00C04F79EFBC}") = "SwitchboardsTests", "UnitTests\SwitchboardsTests.csproj", "{39DFB6E3-8570-4E4E-8E8D-698A02873E61}"
EndProject
Project("{FAE04EC0-301F-11D3-BF4B-00C04F79EFBC}") = "PhoneNumberLib", "PhoneNumberLib\PhoneNumberLib.csproj", "{3A14CC6D-0CC7-4DE8-88AE-F95DF5CF068B}"
EndProject
Global
	GlobalSection(SolutionConfigurationPlatforms) = preSolution
		Debug|Any CPU = Debug|Any CPU
		Release|Any CPU = Release|Any CPU
	EndGlobalSection
	GlobalSection(ProjectConfigurationPlatforms) = postSolution
		{39DFB6E3-8570-4E4E-8E8D-698A02873E61}.Debug|Any CPU.ActiveCfg = Debug|Any CPU
		{39DFB6E3-8570-4E4E-8E8D-698A02873E61}.Debug|Any CPU.Build.0 = Debug|Any CPU
		{39DFB6E3-8570-4E4E-8E8D-698A02873E61}.Release|Any CPU.ActiveCfg = Release|Any CPU
		{39DFB6E3-8570-4E4E-8E8D-698A02873E61}.Release|Any CPU.Build.0 = Release|Any CPU
		{3A14CC6D-0CC7-4DE8-88AE-F95DF5CF068B}.Debug|Any CPU.ActiveCfg = Debug|Any CPU
		{3A14CC6D-0CC7-4DE8-88AE-F95DF5CF068B}.Debug|Any CPU.Build.0 = Debug|Any CPU
		{3A14CC6D-0CC7-4DE8-88AE-F95DF5CF068B}.Release|Any CPU.ActiveCfg = Release|Any CPU
		{3A14CC6D-0CC7-4DE8-88AE-F95DF5CF068B}.Release|Any CPU.Build.0 = Release|Any CPU
	EndGlobalSection
	GlobalSection(SolutionProperties) = preSolution
		HideSolutionNode = FALSE
	EndGlobalSection
EndGlobal
